
Microsoft Visual Studio Solution File, Format Version 12.00
# Visual Studio Version 17
VisualStudioVersion = 17.2.32526.322
MinimumVisualStudioVersion = 10.0.40219.1
Project("{FAE04EC0-301F-11D3-BF4B-00C04F79EFBC}") = "Course", "Course\Course.csproj", "{B483FC93-D017-4078-B133-20711FE22A69}"
EndProject
Project("{FAE04EC0-301F-11D3-BF4B-00C04F79EFBC}") = "ExercicioFixacao1", "ExercicioFixacao1\ExercicioFixacao1.csproj", "{9978DFD9-44BC-4B8D-B1F1-9821BD62B772}"
EndProject
Project("{FAE04EC0-301F-11D3-BF4B-00C04F79EFBC}") = "ExercicioFixacao2", "ExercioFixacao\ExercicioFixacao2.csproj", "{2A417200-7E12-4D70-A704-4B27AE7DDC2D}"
EndProject
Project("{FAE04EC0-301F-11D3-BF4B-00C04F79EFBC}") = "ExercicioResolvido", "ExercicioResolvido\ExercicioResolvido.csproj", "{299E269C-2820-4779-AA38-6A8E90E860DE}"
EndProject
Project("{FAE04EC0-301F-11D3-BF4B-00C04F79EFBC}") = "ExercicioFixacao3", "ExercicioFixacao\ExercicioFixacao3.csproj", "{0A1BD055-EE63-4361-BC83-A529E4F5D1FD}"
EndProject
Global
	GlobalSection(SolutionConfigurationPlatforms) = preSolution
		Debug|Any CPU = Debug|Any CPU
		Release|Any CPU = Release|Any CPU
	EndGlobalSection
	GlobalSection(ProjectConfigurationPlatforms) = postSolution
		{B483FC93-D017-4078-B133-20711FE22A69}.Debug|Any CPU.ActiveCfg = Debug|Any CPU
		{B483FC93-D017-4078-B133-20711FE22A69}.Debug|Any CPU.Build.0 = Debug|Any CPU
		{B483FC93-D017-4078-B133-20711FE22A69}.Release|Any CPU.ActiveCfg = Release|Any CPU
		{B483FC93-D017-4078-B133-20711FE22A69}.Release|Any CPU.Build.0 = Release|Any CPU
		{9978DFD9-44BC-4B8D-B1F1-9821BD62B772}.Debug|Any CPU.ActiveCfg = Debug|Any CPU
		{9978DFD9-44BC-4B8D-B1F1-9821BD62B772}.Debug|Any CPU.Build.0 = Debug|Any CPU
		{9978DFD9-44BC-4B8D-B1F1-9821BD62B772}.Release|Any CPU.ActiveCfg = Release|Any CPU
		{9978DFD9-44BC-4B8D-B1F1-9821BD62B772}.Release|Any CPU.Build.0 = Release|Any CPU
		{2A417200-7E12-4D70-A704-4B27AE7DDC2D}.Debug|Any CPU.ActiveCfg = Debug|Any CPU
		{2A417200-7E12-4D70-A704-4B27AE7DDC2D}.Debug|Any CPU.Build.0 = Debug|Any CPU
		{2A417200-7E12-4D70-A704-4B27AE7DDC2D}.Release|Any CPU.ActiveCfg = Release|Any CPU
		{2A417200-7E12-4D70-A704-4B27AE7DDC2D}.Release|Any CPU.Build.0 = Release|Any CPU
		{299E269C-2820-4779-AA38-6A8E90E860DE}.Debug|Any CPU.ActiveCfg = Debug|Any CPU
		{299E269C-2820-4779-AA38-6A8E90E860DE}.Debug|Any CPU.Build.0 = Debug|Any CPU
		{299E269C-2820-4779-AA38-6A8E90E860DE}.Release|Any CPU.ActiveCfg = Release|Any CPU
		{299E269C-2820-4779-AA38-6A8E90E860DE}.Release|Any CPU.Build.0 = Release|Any CPU
		{0A1BD055-EE63-4361-BC83-A529E4F5D1FD}.Debug|Any CPU.ActiveCfg = Debug|Any CPU
		{0A1BD055-EE63-4361-BC83-A529E4F5D1FD}.Debug|Any CPU.Build.0 = Debug|Any CPU
		{0A1BD055-EE63-4361-BC83-A529E4F5D1FD}.Release|Any CPU.ActiveCfg = Release|Any CPU
		{0A1BD055-EE63-4361-BC83-A529E4F5D1FD}.Release|Any CPU.Build.0 = Release|Any CPU
	EndGlobalSection
	GlobalSection(SolutionProperties) = preSolution
		HideSolutionNode = FALSE
	EndGlobalSection
	GlobalSection(ExtensibilityGlobals) = postSolution
		SolutionGuid = {B11D14DE-5DA4-48B7-A0FA-8F27CCFBEBD1}
	EndGlobalSection
EndGlobal
